
Microsoft Visual Studio Solution File, Format Version 12.00
# Visual Studio Version 17
VisualStudioVersion = 17.10.34916.146
MinimumVisualStudioVersion = 10.0.40219.1
Project("{FAE04EC0-301F-11D3-BF4B-00C04F79EFBC}") = "OtimizacaoSQLLandingPageWebForms", "OtimizacaoSQLLandingPageWebForms.csproj", "{0C3CC383-EED3-406F-BDE2-428E6383BBD2}"
EndProject
Global
	GlobalSection(SolutionConfigurationPlatforms) = preSolution
		Debug|Any CPU = Debug|Any CPU
		Release|Any CPU = Release|Any CPU
	EndGlobalSection
	GlobalSection(ProjectConfigurationPlatforms) = postSolution
		{0C3CC383-EED3-406F-BDE2-428E6383BBD2}.Debug|Any CPU.ActiveCfg = Debug|Any CPU
		{0C3CC383-EED3-406F-BDE2-428E6383BBD2}.Debug|Any CPU.Build.0 = Debug|Any CPU
		{0C3CC383-EED3-406F-BDE2-428E6383BBD2}.Release|Any CPU.ActiveCfg = Release|Any CPU
		{0C3CC383-EED3-406F-BDE2-428E6383BBD2}.Release|Any CPU.Build.0 = Release|Any CPU
	EndGlobalSection
	GlobalSection(SolutionProperties) = preSolution
		HideSolutionNode = FALSE
	EndGlobalSection
	GlobalSection(ExtensibilityGlobals) = postSolution
		SolutionGuid = {03691B35-518E-43BB-96F3-29611816D70E}
	EndGlobalSection
EndGlobal
